version = 1
revision = 3
requires-python = ">=3.13"

[[package]]
name = "09-lab-planetwars"
version = "2026.4.20"
source = { virtual = "." }
dependencies = [
    { name = "pyglet" },
]

[package.metadata]
requires-dist = [{ name = "pyglet", specifier = ">=2.1.14" }]

[[package]]
name = "pyglet"
version = "2.1.14"
source = { registry = "https://pypi.org/simple" }
sdist = { url = "https://files.pythonhosted.org/packages/e8/a6/ffd78b2d05a820ced85baa11210b8e5d0db0d951767021150be0a231df00/pyglet-2.1.14.tar.gz", hash = "sha256:feb3fba05a85f50f793688d88ddfbcdc57044d971f2d8d2107eb7578eb4af51e", size = 6595146, upload-time = "2026-04-05T08:24:35.549Z" }
wheels = [
    { url = "https://files.pythonhosted.org/packages/ae/d4/789d34a4674a4ccc0b65ad54d0f963f873d39000c3ebed0880574d5437e5/pyglet-2.1.14-py3-none-any.whl", hash = "sha256:70febf03f206607103e1f9806527019c589002626937aecdca4d095ce0a4b9b0", size = 1032928, upload-time = "2026-04-05T08:24:29.068Z" },
]
